
Microsoft Visual Studio Solution File, Format Version 12.00
# Visual Studio Version 16
VisualStudioVersion = 16.0.32002.261
MinimumVisualStudioVersion = 10.0.40219.1
Project("{FAE04EC0-301F-11D3-BF4B-00C04F79EFBC}") = "Tetris", "Tetris\Tetris.csproj", "{06415C91-5E33-4953-93B3-4EC3977B582E}"
EndProject
Global
	GlobalSection(SolutionConfigurationPlatforms) = preSolution
		Debug|Any CPU = Debug|Any CPU
		Release|Any CPU = Release|Any CPU
	EndGlobalSection
	GlobalSection(ProjectConfigurationPlatforms) = postSolution
		{06415C91-5E33-4953-93B3-4EC3977B582E}.Debug|Any CPU.ActiveCfg = Debug|Any CPU
		{06415C91-5E33-4953-93B3-4EC3977B582E}.Debug|Any CPU.Build.0 = Debug|Any CPU
		{06415C91-5E33-4953-93B3-4EC3977B582E}.Release|Any CPU.ActiveCfg = Release|Any CPU
		{06415C91-5E33-4953-93B3-4EC3977B582E}.Release|Any CPU.Build.0 = Release|Any CPU
	EndGlobalSection
	GlobalSection(SolutionProperties) = preSolution
		HideSolutionNode = FALSE
	EndGlobalSection
	GlobalSection(ExtensibilityGlobals) = postSolution
		SolutionGuid = {614C4470-1A63-4E8C-A281-4025A5516D4F}
	EndGlobalSection
EndGlobal
